
Microsoft Visual Studio Solution File, Format Version 9.00
# Visual Studio 2005
Project("{FAE04EC0-301F-11D3-BF4B-00C04F79EFBC}") = "SagaMap", "SagaMap\SagaMap.csproj", "{92E8F125-1AC7-41E7-A05A-7FEFAECD5ECE}"
EndProject
Project("{FAE04EC0-301F-11D3-BF4B-00C04F79EFBC}") = "Diagrams", "Diagrams\Diagrams.csproj", "{FB6BEF2A-D19E-4EE1-9C02-42F0C775A13B}"
EndProject
Project("{FAE04EC0-301F-11D3-BF4B-00C04F79EFBC}") = "SagaScripts", "SagaScripts\SagaScripts.csproj", "{75F22DF8-C223-4049-B1C6-5DE5BBDF1971}"
EndProject
Project("{FAE04EC0-301F-11D3-BF4B-00C04F79EFBC}") = "DB4OServer", "DB4OServer\DB4OServer.csproj", "{C2F40C07-7617-4D5F-B7FA-98181166C8E6}"
EndProject
Project("{FAE04EC0-301F-11D3-BF4B-00C04F79EFBC}") = "SagaGateWay", "SagaGateWay\SagaGateWay.csproj", "{4047DA37-8659-4917-BDD1-645E9C9F37B5}"
EndProject
Project("{FAE04EC0-301F-11D3-BF4B-00C04F79EFBC}") = "DB Editor", "DB Editor\DB Editor.csproj", "{EDBB1C3D-4FAC-44A6-952C-C3456E71A866}"
EndProject
Project("{FAE04EC0-301F-11D3-BF4B-00C04F79EFBC}") = "SagaLib", "SagaLib\SagaLib.csproj", "{47FF64CB-1616-4A17-A92F-63EFF63D6CEF}"
EndProject
Project("{FAE04EC0-301F-11D3-BF4B-00C04F79EFBC}") = "SagaDB", "SagaDB\SagaDB.csproj", "{B3F8CCA6-C69E-49AA-9A5C-C6DB9FB4A39F}"
EndProject
Project("{FAE04EC0-301F-11D3-BF4B-00C04F79EFBC}") = "SagaLogin", "SagaLogin\SagaLogin.csproj", "{BC57767E-D81D-4B67-B322-0ADFC25D9C28}"
EndProject
Global
	GlobalSection(SolutionConfigurationPlatforms) = preSolution
		Debug|Any CPU = Debug|Any CPU
		Release|Any CPU = Release|Any CPU
	EndGlobalSection
	GlobalSection(ProjectConfigurationPlatforms) = postSolution
		{92E8F125-1AC7-41E7-A05A-7FEFAECD5ECE}.Debug|Any CPU.ActiveCfg = Debug|Any CPU
		{92E8F125-1AC7-41E7-A05A-7FEFAECD5ECE}.Debug|Any CPU.Build.0 = Debug|Any CPU
		{92E8F125-1AC7-41E7-A05A-7FEFAECD5ECE}.Release|Any CPU.ActiveCfg = Release|Any CPU
		{92E8F125-1AC7-41E7-A05A-7FEFAECD5ECE}.Release|Any CPU.Build.0 = Release|Any CPU
		{FB6BEF2A-D19E-4EE1-9C02-42F0C775A13B}.Debug|Any CPU.ActiveCfg = Debug|Any CPU
		{FB6BEF2A-D19E-4EE1-9C02-42F0C775A13B}.Debug|Any CPU.Build.0 = Debug|Any CPU
		{FB6BEF2A-D19E-4EE1-9C02-42F0C775A13B}.Release|Any CPU.ActiveCfg = Release|Any CPU
		{FB6BEF2A-D19E-4EE1-9C02-42F0C775A13B}.Release|Any CPU.Build.0 = Release|Any CPU
		{75F22DF8-C223-4049-B1C6-5DE5BBDF1971}.Debug|Any CPU.ActiveCfg = Debug|Any CPU
		{75F22DF8-C223-4049-B1C6-5DE5BBDF1971}.Debug|Any CPU.Build.0 = Debug|Any CPU
		{75F22DF8-C223-4049-B1C6-5DE5BBDF1971}.Release|Any CPU.ActiveCfg = Release|Any CPU
		{75F22DF8-C223-4049-B1C6-5DE5BBDF1971}.Release|Any CPU.Build.0 = Release|Any CPU
		{C2F40C07-7617-4D5F-B7FA-98181166C8E6}.Debug|Any CPU.ActiveCfg = Debug|Any CPU
		{C2F40C07-7617-4D5F-B7FA-98181166C8E6}.Debug|Any CPU.Build.0 = Debug|Any CPU
		{C2F40C07-7617-4D5F-B7FA-98181166C8E6}.Release|Any CPU.ActiveCfg = Release|Any CPU
		{C2F40C07-7617-4D5F-B7FA-98181166C8E6}.Release|Any CPU.Build.0 = Release|Any CPU
		{4047DA37-8659-4917-BDD1-645E9C9F37B5}.Debug|Any CPU.ActiveCfg = Debug|Any CPU
		{4047DA37-8659-4917-BDD1-645E9C9F37B5}.Debug|Any CPU.Build.0 = Debug|Any CPU
		{4047DA37-8659-4917-BDD1-645E9C9F37B5}.Release|Any CPU.ActiveCfg = Release|Any CPU
		{4047DA37-8659-4917-BDD1-645E9C9F37B5}.Release|Any CPU.Build.0 = Release|Any CPU
		{EDBB1C3D-4FAC-44A6-952C-C3456E71A866}.Debug|Any CPU.ActiveCfg = Debug|Any CPU
		{EDBB1C3D-4FAC-44A6-952C-C3456E71A866}.Debug|Any CPU.Build.0 = Debug|Any CPU
		{EDBB1C3D-4FAC-44A6-952C-C3456E71A866}.Release|Any CPU.ActiveCfg = Release|Any CPU
		{EDBB1C3D-4FAC-44A6-952C-C3456E71A866}.Release|Any CPU.Build.0 = Release|Any CPU
		{47FF64CB-1616-4A17-A92F-63EFF63D6CEF}.Debug|Any CPU.ActiveCfg = Debug|Any CPU
		{47FF64CB-1616-4A17-A92F-63EFF63D6CEF}.Debug|Any CPU.Build.0 = Debug|Any CPU
		{47FF64CB-1616-4A17-A92F-63EFF63D6CEF}.Release|Any CPU.ActiveCfg = Release|Any CPU
		{47FF64CB-1616-4A17-A92F-63EFF63D6CEF}.Release|Any CPU.Build.0 = Release|Any CPU
		{B3F8CCA6-C69E-49AA-9A5C-C6DB9FB4A39F}.Debug|Any CPU.ActiveCfg = Debug|Any CPU
		{B3F8CCA6-C69E-49AA-9A5C-C6DB9FB4A39F}.Debug|Any CPU.Build.0 = Debug|Any CPU
		{B3F8CCA6-C69E-49AA-9A5C-C6DB9FB4A39F}.Release|Any CPU.ActiveCfg = Release|Any CPU
		{B3F8CCA6-C69E-49AA-9A5C-C6DB9FB4A39F}.Release|Any CPU.Build.0 = Release|Any CPU
		{BC57767E-D81D-4B67-B322-0ADFC25D9C28}.Debug|Any CPU.ActiveCfg = Debug|Any CPU
		{BC57767E-D81D-4B67-B322-0ADFC25D9C28}.Debug|Any CPU.Build.0 = Debug|Any CPU
		{BC57767E-D81D-4B67-B322-0ADFC25D9C28}.Release|Any CPU.ActiveCfg = Release|Any CPU
		{BC57767E-D81D-4B67-B322-0ADFC25D9C28}.Release|Any CPU.Build.0 = Release|Any CPU
	EndGlobalSection
	GlobalSection(SolutionProperties) = preSolution
		HideSolutionNode = FALSE
	EndGlobalSection
EndGlobal
